
Microsoft Visual Studio Solution File, Format Version 12.00
# Visual Studio 2013
VisualStudioVersion = 12.0.31101.0
MinimumVisualStudioVersion = 10.0.40219.1
Project("{FAE04EC0-301F-11D3-BF4B-00C04F79EFBC}") = "Nasa", "Nasa\Nasa.csproj", "{82B27927-CB3F-46C9-BCE2-059DB68BC33B}"
EndProject
Project("{FAE04EC0-301F-11D3-BF4B-00C04F79EFBC}") = "Rover", "Rover\Rover.csproj", "{5DBEEBA3-B25B-467A-A047-D641CF6EC873}"
EndProject
Project("{FAE04EC0-301F-11D3-BF4B-00C04F79EFBC}") = "Rover.Test", "Rover.Test\Rover.Test.csproj", "{083AA553-8DA9-483C-B0A8-3912C41D01AF}"
EndProject
Global
	GlobalSection(SolutionConfigurationPlatforms) = preSolution
		Debug|Any CPU = Debug|Any CPU
		Release|Any CPU = Release|Any CPU
	EndGlobalSection
	GlobalSection(ProjectConfigurationPlatforms) = postSolution
		{82B27927-CB3F-46C9-BCE2-059DB68BC33B}.Debug|Any CPU.ActiveCfg = Debug|Any CPU
		{82B27927-CB3F-46C9-BCE2-059DB68BC33B}.Debug|Any CPU.Build.0 = Debug|Any CPU
		{82B27927-CB3F-46C9-BCE2-059DB68BC33B}.Release|Any CPU.ActiveCfg = Release|Any CPU
		{82B27927-CB3F-46C9-BCE2-059DB68BC33B}.Release|Any CPU.Build.0 = Release|Any CPU
		{5DBEEBA3-B25B-467A-A047-D641CF6EC873}.Debug|Any CPU.ActiveCfg = Debug|Any CPU
		{5DBEEBA3-B25B-467A-A047-D641CF6EC873}.Debug|Any CPU.Build.0 = Debug|Any CPU
		{5DBEEBA3-B25B-467A-A047-D641CF6EC873}.Release|Any CPU.ActiveCfg = Release|Any CPU
		{5DBEEBA3-B25B-467A-A047-D641CF6EC873}.Release|Any CPU.Build.0 = Release|Any CPU
		{083AA553-8DA9-483C-B0A8-3912C41D01AF}.Debug|Any CPU.ActiveCfg = Debug|Any CPU
		{083AA553-8DA9-483C-B0A8-3912C41D01AF}.Debug|Any CPU.Build.0 = Debug|Any CPU
		{083AA553-8DA9-483C-B0A8-3912C41D01AF}.Release|Any CPU.ActiveCfg = Release|Any CPU
		{083AA553-8DA9-483C-B0A8-3912C41D01AF}.Release|Any CPU.Build.0 = Release|Any CPU
	EndGlobalSection
	GlobalSection(SolutionProperties) = preSolution
		HideSolutionNode = FALSE
	EndGlobalSection
EndGlobal
